
Microsoft Visual Studio Solution File, Format Version 12.00
# Visual Studio Version 17
VisualStudioVersion = 17.5.33424.131
MinimumVisualStudioVersion = 10.0.40219.1
Project("{9A19103F-16F7-4668-BE54-9A1E7A4F7556}") = "ConsoleApp1", "ConsoleApp1\ConsoleApp1.csproj", "{5FC403B0-C449-4D60-A0F4-77D59394D91B}"
EndProject
Project("{9A19103F-16F7-4668-BE54-9A1E7A4F7556}") = "ConsoleApp2", "ConsoleApp2\ConsoleApp2.csproj", "{CC841F93-FB61-49AC-8A18-E19BF97A05AB}"
EndProject
Project("{2150E333-8FDC-42A3-9474-1A3956D46DE8}") = "5", "5", "{995011EB-C8A6-4283-8349-8194C56A9A60}"
EndProject
Project("{9A19103F-16F7-4668-BE54-9A1E7A4F7556}") = "ConsoleApp3", "ConsoleApp3\ConsoleApp3.csproj", "{6CFEC7D0-0E71-4B75-B83F-2A4709401C68}"
EndProject
Project("{9A19103F-16F7-4668-BE54-9A1E7A4F7556}") = "ConsoleApp4", "ConsoleApp4\ConsoleApp4.csproj", "{4862DC7A-3E0B-4E5A-B5FC-652412F7A14A}"
EndProject
Project("{9A19103F-16F7-4668-BE54-9A1E7A4F7556}") = "ConsoleApp5", "ConsoleApp5\ConsoleApp5.csproj", "{01813A9C-69C0-41F9-A62A-2D1651EDD67B}"
EndProject
Project("{9A19103F-16F7-4668-BE54-9A1E7A4F7556}") = "ConsoleApp6", "ConsoleApp6\ConsoleApp6.csproj", "{47A57D39-E19C-4C2A-BEC9-C2FC2877BA58}"
EndProject
Project("{9A19103F-16F7-4668-BE54-9A1E7A4F7556}") = "Week6Study", "Week6Study\Week6Study.csproj", "{45492B61-449B-4FDF-B3CC-A3ED73E432AB}"
EndProject
Project("{9A19103F-16F7-4668-BE54-9A1E7A4F7556}") = "Week6_2", "Week6_2\Week6_2.csproj", "{A9A0ED72-926F-426B-A46B-3E897834AAE6}"
EndProject
Project("{9A19103F-16F7-4668-BE54-9A1E7A4F7556}") = "Week6Study3", "Week6Study3\Week6Study3.csproj", "{7263FCE6-1889-4DF6-B129-2F5B96F7FE57}"
EndProject
Project("{9A19103F-16F7-4668-BE54-9A1E7A4F7556}") = "Week7Study1", "Week7Study1\Week7Study1.csproj", "{C7673CED-E30B-43D1-A19C-08378D85D9A0}"
EndProject
Project("{FAE04EC0-301F-11D3-BF4B-00C04F79EFBC}") = "Week7_2", "Week7_2\Week7_2.csproj", "{0E2686D2-907B-461E-8A32-064BBDF5879C}"
EndProject
Global
	GlobalSection(SolutionConfigurationPlatforms) = preSolution
		Debug|Any CPU = Debug|Any CPU
		Release|Any CPU = Release|Any CPU
	EndGlobalSection
	GlobalSection(ProjectConfigurationPlatforms) = postSolution
		{5FC403B0-C449-4D60-A0F4-77D59394D91B}.Debug|Any CPU.ActiveCfg = Debug|Any CPU
		{5FC403B0-C449-4D60-A0F4-77D59394D91B}.Debug|Any CPU.Build.0 = Debug|Any CPU
		{5FC403B0-C449-4D60-A0F4-77D59394D91B}.Release|Any CPU.ActiveCfg = Release|Any CPU
		{5FC403B0-C449-4D60-A0F4-77D59394D91B}.Release|Any CPU.Build.0 = Release|Any CPU
		{CC841F93-FB61-49AC-8A18-E19BF97A05AB}.Debug|Any CPU.ActiveCfg = Debug|Any CPU
		{CC841F93-FB61-49AC-8A18-E19BF97A05AB}.Debug|Any CPU.Build.0 = Debug|Any CPU
		{CC841F93-FB61-49AC-8A18-E19BF97A05AB}.Release|Any CPU.ActiveCfg = Release|Any CPU
		{CC841F93-FB61-49AC-8A18-E19BF97A05AB}.Release|Any CPU.Build.0 = Release|Any CPU
		{6CFEC7D0-0E71-4B75-B83F-2A4709401C68}.Debug|Any CPU.ActiveCfg = Debug|Any CPU
		{6CFEC7D0-0E71-4B75-B83F-2A4709401C68}.Debug|Any CPU.Build.0 = Debug|Any CPU
		{6CFEC7D0-0E71-4B75-B83F-2A4709401C68}.Release|Any CPU.ActiveCfg = Release|Any CPU
		{6CFEC7D0-0E71-4B75-B83F-2A4709401C68}.Release|Any CPU.Build.0 = Release|Any CPU
		{4862DC7A-3E0B-4E5A-B5FC-652412F7A14A}.Debug|Any CPU.ActiveCfg = Debug|Any CPU
		{4862DC7A-3E0B-4E5A-B5FC-652412F7A14A}.Debug|Any CPU.Build.0 = Debug|Any CPU
		{4862DC7A-3E0B-4E5A-B5FC-652412F7A14A}.Release|Any CPU.ActiveCfg = Release|Any CPU
		{4862DC7A-3E0B-4E5A-B5FC-652412F7A14A}.Release|Any CPU.Build.0 = Release|Any CPU
		{01813A9C-69C0-41F9-A62A-2D1651EDD67B}.Debug|Any CPU.ActiveCfg = Debug|Any CPU
		{01813A9C-69C0-41F9-A62A-2D1651EDD67B}.Debug|Any CPU.Build.0 = Debug|Any CPU
		{01813A9C-69C0-41F9-A62A-2D1651EDD67B}.Release|Any CPU.ActiveCfg = Release|Any CPU
		{01813A9C-69C0-41F9-A62A-2D1651EDD67B}.Release|Any CPU.Build.0 = Release|Any CPU
		{47A57D39-E19C-4C2A-BEC9-C2FC2877BA58}.Debug|Any CPU.ActiveCfg = Debug|Any CPU
		{47A57D39-E19C-4C2A-BEC9-C2FC2877BA58}.Debug|Any CPU.Build.0 = Debug|Any CPU
		{47A57D39-E19C-4C2A-BEC9-C2FC2877BA58}.Release|Any CPU.ActiveCfg = Release|Any CPU
		{47A57D39-E19C-4C2A-BEC9-C2FC2877BA58}.Release|Any CPU.Build.0 = Release|Any CPU
		{45492B61-449B-4FDF-B3CC-A3ED73E432AB}.Debug|Any CPU.ActiveCfg = Debug|Any CPU
		{45492B61-449B-4FDF-B3CC-A3ED73E432AB}.Debug|Any CPU.Build.0 = Debug|Any CPU
		{45492B61-449B-4FDF-B3CC-A3ED73E432AB}.Release|Any CPU.ActiveCfg = Release|Any CPU
		{45492B61-449B-4FDF-B3CC-A3ED73E432AB}.Release|Any CPU.Build.0 = Release|Any CPU
		{A9A0ED72-926F-426B-A46B-3E897834AAE6}.Debug|Any CPU.ActiveCfg = Debug|Any CPU
		{A9A0ED72-926F-426B-A46B-3E897834AAE6}.Debug|Any CPU.Build.0 = Debug|Any CPU
		{A9A0ED72-926F-426B-A46B-3E897834AAE6}.Release|Any CPU.ActiveCfg = Release|Any CPU
		{A9A0ED72-926F-426B-A46B-3E897834AAE6}.Release|Any CPU.Build.0 = Release|Any CPU
		{7263FCE6-1889-4DF6-B129-2F5B96F7FE57}.Debug|Any CPU.ActiveCfg = Debug|Any CPU
		{7263FCE6-1889-4DF6-B129-2F5B96F7FE57}.Debug|Any CPU.Build.0 = Debug|Any CPU
		{7263FCE6-1889-4DF6-B129-2F5B96F7FE57}.Release|Any CPU.ActiveCfg = Release|Any CPU
		{7263FCE6-1889-4DF6-B129-2F5B96F7FE57}.Release|Any CPU.Build.0 = Release|Any CPU
		{C7673CED-E30B-43D1-A19C-08378D85D9A0}.Debug|Any CPU.ActiveCfg = Debug|Any CPU
		{C7673CED-E30B-43D1-A19C-08378D85D9A0}.Debug|Any CPU.Build.0 = Debug|Any CPU
		{C7673CED-E30B-43D1-A19C-08378D85D9A0}.Release|Any CPU.ActiveCfg = Release|Any CPU
		{C7673CED-E30B-43D1-A19C-08378D85D9A0}.Release|Any CPU.Build.0 = Release|Any CPU
		{0E2686D2-907B-461E-8A32-064BBDF5879C}.Debug|Any CPU.ActiveCfg = Debug|Any CPU
		{0E2686D2-907B-461E-8A32-064BBDF5879C}.Debug|Any CPU.Build.0 = Debug|Any CPU
		{0E2686D2-907B-461E-8A32-064BBDF5879C}.Release|Any CPU.ActiveCfg = Release|Any CPU
		{0E2686D2-907B-461E-8A32-064BBDF5879C}.Release|Any CPU.Build.0 = Release|Any CPU
	EndGlobalSection
	GlobalSection(SolutionProperties) = preSolution
		HideSolutionNode = FALSE
	EndGlobalSection
	GlobalSection(NestedProjects) = preSolution
		{5FC403B0-C449-4D60-A0F4-77D59394D91B} = {995011EB-C8A6-4283-8349-8194C56A9A60}
		{CC841F93-FB61-49AC-8A18-E19BF97A05AB} = {995011EB-C8A6-4283-8349-8194C56A9A60}
		{6CFEC7D0-0E71-4B75-B83F-2A4709401C68} = {995011EB-C8A6-4283-8349-8194C56A9A60}
		{4862DC7A-3E0B-4E5A-B5FC-652412F7A14A} = {995011EB-C8A6-4283-8349-8194C56A9A60}
		{01813A9C-69C0-41F9-A62A-2D1651EDD67B} = {995011EB-C8A6-4283-8349-8194C56A9A60}
		{47A57D39-E19C-4C2A-BEC9-C2FC2877BA58} = {995011EB-C8A6-4283-8349-8194C56A9A60}
	EndGlobalSection
	GlobalSection(ExtensibilityGlobals) = postSolution
		SolutionGuid = {9B8827C9-5D36-4805-B2DC-95B4B27F99F4}
	EndGlobalSection
EndGlobal
