
Microsoft Visual Studio Solution File, Format Version 12.00
# Visual Studio Version 17
VisualStudioVersion = 17.5.33516.290
MinimumVisualStudioVersion = 10.0.40219.1
Project("{9A19103F-16F7-4668-BE54-9A1E7A4F7556}") = "WeekStudy9_1", "WeekStudy9_1\WeekStudy9_1.csproj", "{23BCD33E-0444-4EE2-B0BD-F4B7EAC8CCB5}"
EndProject
Project("{9A19103F-16F7-4668-BE54-9A1E7A4F7556}") = "WeekStudy9_2", "WeekStudy9_2\WeekStudy9_2.csproj", "{B5BACA66-0065-4A7A-B208-AC4E52780049}"
EndProject
Project("{9A19103F-16F7-4668-BE54-9A1E7A4F7556}") = "WeekStudy9_3", "WeekStudy9_3\WeekStudy9_3.csproj", "{0B6ED29E-4A58-4A76-9E04-F8CC1B9FF904}"
EndProject
Project("{9A19103F-16F7-4668-BE54-9A1E7A4F7556}") = "WeekStudy9_4", "WeekStudy9_4\WeekStudy9_4.csproj", "{D38CEC64-C96B-4345-A904-A744B7FF5101}"
EndProject
Project("{9A19103F-16F7-4668-BE54-9A1E7A4F7556}") = "WeekStudy9_5", "WeekStudy9_5\WeekStudy9_5.csproj", "{0DDBB152-4C21-48BC-B108-FA0FE0D1E067}"
EndProject
Project("{9A19103F-16F7-4668-BE54-9A1E7A4F7556}") = "Week10Study1", "Week10Study1\Week10Study1.csproj", "{268C453F-00AC-4060-B370-1EEF4A70C29F}"
EndProject
Project("{9A19103F-16F7-4668-BE54-9A1E7A4F7556}") = "Week11Study1", "Week11Study1\Week11Study1.csproj", "{5EAAE0C3-8D1F-497C-ABF7-B2EE0011D303}"
EndProject
Project("{9A19103F-16F7-4668-BE54-9A1E7A4F7556}") = "Week11Study2", "Week11Study2\Week11Study2.csproj", "{5A6A16F3-F9FD-486D-9468-6EC23674390B}"
EndProject
Project("{9A19103F-16F7-4668-BE54-9A1E7A4F7556}") = "Week11Study3", "Week11Study3\Week11Study3.csproj", "{9B841850-77F9-48D5-AC65-A1BDF4CCBC6D}"
EndProject
Project("{FAE04EC0-301F-11D3-BF4B-00C04F79EFBC}") = "Week12Study1", "Week12Study1\Week12Study1.csproj", "{3208E9D0-6DC1-418D-B114-E01A2FD45F90}"
EndProject
Project("{FAE04EC0-301F-11D3-BF4B-00C04F79EFBC}") = "Week12Study2", "Week12Study2\Week12Study2.csproj", "{A01C8E92-ECE1-4EEE-920A-2A9D58038FCD}"
EndProject
Project("{FAE04EC0-301F-11D3-BF4B-00C04F79EFBC}") = "Week12Study3", "Week12Study3\Week12Study3.csproj", "{5F864E6F-28B8-43D4-B35F-6FD2A6753F8A}"
EndProject
Project("{FAE04EC0-301F-11D3-BF4B-00C04F79EFBC}") = "Week12Study4", "Week12Study4\Week12Study4.csproj", "{9B4B0D83-E832-42DC-9B42-D7BB8008E15A}"
EndProject
Project("{FAE04EC0-301F-11D3-BF4B-00C04F79EFBC}") = "Week12Study5", "Week12Study5\Week12Study5.csproj", "{1EE144E7-D4E2-4634-8F66-A9DFF99ACDC7}"
EndProject
Project("{FAE04EC0-301F-11D3-BF4B-00C04F79EFBC}") = "Week12Study6", "Week12Study6\Week12Study6.csproj", "{1394B847-08E4-48C1-BCBB-2C805CEB4E15}"
EndProject
Project("{FAE04EC0-301F-11D3-BF4B-00C04F79EFBC}") = "Week12Study7", "Week12Study7\Week12Study7.csproj", "{6A9019CD-4A10-448A-9911-A9852326A81B}"
EndProject
Project("{FAE04EC0-301F-11D3-BF4B-00C04F79EFBC}") = "Week12Study8", "Week12Study8\Week12Study8.csproj", "{52D1D4C3-BFB3-4599-956B-EAFF7A1910D6}"
EndProject
Project("{FAE04EC0-301F-11D3-BF4B-00C04F79EFBC}") = "Week12Study9", "Week12Study9\Week12Study9.csproj", "{2BF36CBE-7B69-447F-8C84-CFA1902124DC}"
EndProject
Project("{FAE04EC0-301F-11D3-BF4B-00C04F79EFBC}") = "Week12Study10", "Week12Study10\Week12Study10.csproj", "{CF9924BA-2C4F-4F8C-89FA-57043D524902}"
EndProject
Project("{FAE04EC0-301F-11D3-BF4B-00C04F79EFBC}") = "Rotto", "Rotto\Rotto.csproj", "{64811165-E924-4C42-A5C4-D5CDE5E23ACC}"
EndProject
Global
	GlobalSection(SolutionConfigurationPlatforms) = preSolution
		Debug|Any CPU = Debug|Any CPU
		Release|Any CPU = Release|Any CPU
	EndGlobalSection
	GlobalSection(ProjectConfigurationPlatforms) = postSolution
		{23BCD33E-0444-4EE2-B0BD-F4B7EAC8CCB5}.Debug|Any CPU.ActiveCfg = Debug|Any CPU
		{23BCD33E-0444-4EE2-B0BD-F4B7EAC8CCB5}.Debug|Any CPU.Build.0 = Debug|Any CPU
		{23BCD33E-0444-4EE2-B0BD-F4B7EAC8CCB5}.Release|Any CPU.ActiveCfg = Release|Any CPU
		{23BCD33E-0444-4EE2-B0BD-F4B7EAC8CCB5}.Release|Any CPU.Build.0 = Release|Any CPU
		{B5BACA66-0065-4A7A-B208-AC4E52780049}.Debug|Any CPU.ActiveCfg = Debug|Any CPU
		{B5BACA66-0065-4A7A-B208-AC4E52780049}.Debug|Any CPU.Build.0 = Debug|Any CPU
		{B5BACA66-0065-4A7A-B208-AC4E52780049}.Release|Any CPU.ActiveCfg = Release|Any CPU
		{B5BACA66-0065-4A7A-B208-AC4E52780049}.Release|Any CPU.Build.0 = Release|Any CPU
		{0B6ED29E-4A58-4A76-9E04-F8CC1B9FF904}.Debug|Any CPU.ActiveCfg = Debug|Any CPU
		{0B6ED29E-4A58-4A76-9E04-F8CC1B9FF904}.Debug|Any CPU.Build.0 = Debug|Any CPU
		{0B6ED29E-4A58-4A76-9E04-F8CC1B9FF904}.Release|Any CPU.ActiveCfg = Release|Any CPU
		{0B6ED29E-4A58-4A76-9E04-F8CC1B9FF904}.Release|Any CPU.Build.0 = Release|Any CPU
		{D38CEC64-C96B-4345-A904-A744B7FF5101}.Debug|Any CPU.ActiveCfg = Debug|Any CPU
		{D38CEC64-C96B-4345-A904-A744B7FF5101}.Debug|Any CPU.Build.0 = Debug|Any CPU
		{D38CEC64-C96B-4345-A904-A744B7FF5101}.Release|Any CPU.ActiveCfg = Release|Any CPU
		{D38CEC64-C96B-4345-A904-A744B7FF5101}.Release|Any CPU.Build.0 = Release|Any CPU
		{0DDBB152-4C21-48BC-B108-FA0FE0D1E067}.Debug|Any CPU.ActiveCfg = Debug|Any CPU
		{0DDBB152-4C21-48BC-B108-FA0FE0D1E067}.Debug|Any CPU.Build.0 = Debug|Any CPU
		{0DDBB152-4C21-48BC-B108-FA0FE0D1E067}.Release|Any CPU.ActiveCfg = Release|Any CPU
		{0DDBB152-4C21-48BC-B108-FA0FE0D1E067}.Release|Any CPU.Build.0 = Release|Any CPU
		{268C453F-00AC-4060-B370-1EEF4A70C29F}.Debug|Any CPU.ActiveCfg = Debug|Any CPU
		{268C453F-00AC-4060-B370-1EEF4A70C29F}.Debug|Any CPU.Build.0 = Debug|Any CPU
		{268C453F-00AC-4060-B370-1EEF4A70C29F}.Release|Any CPU.ActiveCfg = Release|Any CPU
		{268C453F-00AC-4060-B370-1EEF4A70C29F}.Release|Any CPU.Build.0 = Release|Any CPU
		{5EAAE0C3-8D1F-497C-ABF7-B2EE0011D303}.Debug|Any CPU.ActiveCfg = Debug|Any CPU
		{5EAAE0C3-8D1F-497C-ABF7-B2EE0011D303}.Debug|Any CPU.Build.0 = Debug|Any CPU
		{5EAAE0C3-8D1F-497C-ABF7-B2EE0011D303}.Release|Any CPU.ActiveCfg = Release|Any CPU
		{5EAAE0C3-8D1F-497C-ABF7-B2EE0011D303}.Release|Any CPU.Build.0 = Release|Any CPU
		{5A6A16F3-F9FD-486D-9468-6EC23674390B}.Debug|Any CPU.ActiveCfg = Debug|Any CPU
		{5A6A16F3-F9FD-486D-9468-6EC23674390B}.Debug|Any CPU.Build.0 = Debug|Any CPU
		{5A6A16F3-F9FD-486D-9468-6EC23674390B}.Release|Any CPU.ActiveCfg = Release|Any CPU
		{5A6A16F3-F9FD-486D-9468-6EC23674390B}.Release|Any CPU.Build.0 = Release|Any CPU
		{9B841850-77F9-48D5-AC65-A1BDF4CCBC6D}.Debug|Any CPU.ActiveCfg = Debug|Any CPU
		{9B841850-77F9-48D5-AC65-A1BDF4CCBC6D}.Debug|Any CPU.Build.0 = Debug|Any CPU
		{9B841850-77F9-48D5-AC65-A1BDF4CCBC6D}.Release|Any CPU.ActiveCfg = Release|Any CPU
		{9B841850-77F9-48D5-AC65-A1BDF4CCBC6D}.Release|Any CPU.Build.0 = Release|Any CPU
		{3208E9D0-6DC1-418D-B114-E01A2FD45F90}.Debug|Any CPU.ActiveCfg = Debug|Any CPU
		{3208E9D0-6DC1-418D-B114-E01A2FD45F90}.Debug|Any CPU.Build.0 = Debug|Any CPU
		{3208E9D0-6DC1-418D-B114-E01A2FD45F90}.Release|Any CPU.ActiveCfg = Release|Any CPU
		{3208E9D0-6DC1-418D-B114-E01A2FD45F90}.Release|Any CPU.Build.0 = Release|Any CPU
		{A01C8E92-ECE1-4EEE-920A-2A9D58038FCD}.Debug|Any CPU.ActiveCfg = Debug|Any CPU
		{A01C8E92-ECE1-4EEE-920A-2A9D58038FCD}.Debug|Any CPU.Build.0 = Debug|Any CPU
		{A01C8E92-ECE1-4EEE-920A-2A9D58038FCD}.Release|Any CPU.ActiveCfg = Release|Any CPU
		{A01C8E92-ECE1-4EEE-920A-2A9D58038FCD}.Release|Any CPU.Build.0 = Release|Any CPU
		{5F864E6F-28B8-43D4-B35F-6FD2A6753F8A}.Debug|Any CPU.ActiveCfg = Debug|Any CPU
		{5F864E6F-28B8-43D4-B35F-6FD2A6753F8A}.Debug|Any CPU.Build.0 = Debug|Any CPU
		{5F864E6F-28B8-43D4-B35F-6FD2A6753F8A}.Release|Any CPU.ActiveCfg = Release|Any CPU
		{5F864E6F-28B8-43D4-B35F-6FD2A6753F8A}.Release|Any CPU.Build.0 = Release|Any CPU
		{9B4B0D83-E832-42DC-9B42-D7BB8008E15A}.Debug|Any CPU.ActiveCfg = Debug|Any CPU
		{9B4B0D83-E832-42DC-9B42-D7BB8008E15A}.Debug|Any CPU.Build.0 = Debug|Any CPU
		{9B4B0D83-E832-42DC-9B42-D7BB8008E15A}.Release|Any CPU.ActiveCfg = Release|Any CPU
		{9B4B0D83-E832-42DC-9B42-D7BB8008E15A}.Release|Any CPU.Build.0 = Release|Any CPU
		{1EE144E7-D4E2-4634-8F66-A9DFF99ACDC7}.Debug|Any CPU.ActiveCfg = Debug|Any CPU
		{1EE144E7-D4E2-4634-8F66-A9DFF99ACDC7}.Debug|Any CPU.Build.0 = Debug|Any CPU
		{1EE144E7-D4E2-4634-8F66-A9DFF99ACDC7}.Release|Any CPU.ActiveCfg = Release|Any CPU
		{1EE144E7-D4E2-4634-8F66-A9DFF99ACDC7}.Release|Any CPU.Build.0 = Release|Any CPU
		{1394B847-08E4-48C1-BCBB-2C805CEB4E15}.Debug|Any CPU.ActiveCfg = Debug|Any CPU
		{1394B847-08E4-48C1-BCBB-2C805CEB4E15}.Debug|Any CPU.Build.0 = Debug|Any CPU
		{1394B847-08E4-48C1-BCBB-2C805CEB4E15}.Release|Any CPU.ActiveCfg = Release|Any CPU
		{1394B847-08E4-48C1-BCBB-2C805CEB4E15}.Release|Any CPU.Build.0 = Release|Any CPU
		{6A9019CD-4A10-448A-9911-A9852326A81B}.Debug|Any CPU.ActiveCfg = Debug|Any CPU
		{6A9019CD-4A10-448A-9911-A9852326A81B}.Debug|Any CPU.Build.0 = Debug|Any CPU
		{6A9019CD-4A10-448A-9911-A9852326A81B}.Release|Any CPU.ActiveCfg = Release|Any CPU
		{6A9019CD-4A10-448A-9911-A9852326A81B}.Release|Any CPU.Build.0 = Release|Any CPU
		{52D1D4C3-BFB3-4599-956B-EAFF7A1910D6}.Debug|Any CPU.ActiveCfg = Debug|Any CPU
		{52D1D4C3-BFB3-4599-956B-EAFF7A1910D6}.Debug|Any CPU.Build.0 = Debug|Any CPU
		{52D1D4C3-BFB3-4599-956B-EAFF7A1910D6}.Release|Any CPU.ActiveCfg = Release|Any CPU
		{52D1D4C3-BFB3-4599-956B-EAFF7A1910D6}.Release|Any CPU.Build.0 = Release|Any CPU
		{2BF36CBE-7B69-447F-8C84-CFA1902124DC}.Debug|Any CPU.ActiveCfg = Debug|Any CPU
		{2BF36CBE-7B69-447F-8C84-CFA1902124DC}.Debug|Any CPU.Build.0 = Debug|Any CPU
		{2BF36CBE-7B69-447F-8C84-CFA1902124DC}.Release|Any CPU.ActiveCfg = Release|Any CPU
		{2BF36CBE-7B69-447F-8C84-CFA1902124DC}.Release|Any CPU.Build.0 = Release|Any CPU
		{CF9924BA-2C4F-4F8C-89FA-57043D524902}.Debug|Any CPU.ActiveCfg = Debug|Any CPU
		{CF9924BA-2C4F-4F8C-89FA-57043D524902}.Debug|Any CPU.Build.0 = Debug|Any CPU
		{CF9924BA-2C4F-4F8C-89FA-57043D524902}.Release|Any CPU.ActiveCfg = Release|Any CPU
		{CF9924BA-2C4F-4F8C-89FA-57043D524902}.Release|Any CPU.Build.0 = Release|Any CPU
		{64811165-E924-4C42-A5C4-D5CDE5E23ACC}.Debug|Any CPU.ActiveCfg = Debug|Any CPU
		{64811165-E924-4C42-A5C4-D5CDE5E23ACC}.Debug|Any CPU.Build.0 = Debug|Any CPU
		{64811165-E924-4C42-A5C4-D5CDE5E23ACC}.Release|Any CPU.ActiveCfg = Release|Any CPU
		{64811165-E924-4C42-A5C4-D5CDE5E23ACC}.Release|Any CPU.Build.0 = Release|Any CPU
	EndGlobalSection
	GlobalSection(SolutionProperties) = preSolution
		HideSolutionNode = FALSE
	EndGlobalSection
	GlobalSection(ExtensibilityGlobals) = postSolution
		SolutionGuid = {8554F706-C962-4D98-B9D7-475795651D7E}
	EndGlobalSection
EndGlobal
