
Microsoft Visual Studio Solution File, Format Version 12.00
# Visual Studio Version 17
VisualStudioVersion = 17.5.33502.453
MinimumVisualStudioVersion = 10.0.40219.1
Project("{FAE04EC0-301F-11D3-BF4B-00C04F79EFBC}") = "Add", "Add\Add.csproj", "{781783CB-DAB1-456A-A74B-2FADE73A3974}"
EndProject
Global
	GlobalSection(SolutionConfigurationPlatforms) = preSolution
		Debug|Any CPU = Debug|Any CPU
		Release|Any CPU = Release|Any CPU
	EndGlobalSection
	GlobalSection(ProjectConfigurationPlatforms) = postSolution
		{781783CB-DAB1-456A-A74B-2FADE73A3974}.Debug|Any CPU.ActiveCfg = Debug|Any CPU
		{781783CB-DAB1-456A-A74B-2FADE73A3974}.Debug|Any CPU.Build.0 = Debug|Any CPU
		{781783CB-DAB1-456A-A74B-2FADE73A3974}.Release|Any CPU.ActiveCfg = Release|Any CPU
		{781783CB-DAB1-456A-A74B-2FADE73A3974}.Release|Any CPU.Build.0 = Release|Any CPU
	EndGlobalSection
	GlobalSection(SolutionProperties) = preSolution
		HideSolutionNode = FALSE
	EndGlobalSection
	GlobalSection(ExtensibilityGlobals) = postSolution
		SolutionGuid = {3D21BC13-7F53-45CC-8BF8-AA57A458D779}
	EndGlobalSection
EndGlobal
